// !$*UTF8*$!
{
	archiveVersion = 1;
	classes = {
	};
	objectVersion = 56;
	objects = {

/* Begin PBXBuildFile section */
		8E59A9F02C3D4ED100946A86 /* SceneDelegate.swift in Sources */ = {isa = PBXBuildFile; fileRef = 8E59A9EF2C3D4ED100946A86 /* SceneDelegate.swift */; };
		8E59A9F22C3D4ED100946A86 /* TrackersViewController.swift in Sources */ = {isa = PBXBuildFile; fileRef = 8E59A9F12C3D4ED100946A86 /* TrackersViewController.swift */; };
		8E59A9F72C3D4ED200946A86 /* Assets.xcassets in Resources */ = {isa = PBXBuildFile; fileRef = 8E59A9F62C3D4ED200946A86 /* Assets.xcassets */; };
		8E59A9FA2C3D4ED200946A86 /* LaunchScreen.storyboard in Resources */ = {isa = PBXBuildFile; fileRef = 8E59A9F82C3D4ED200946A86 /* LaunchScreen.storyboard */; };
		8E59AA022C3D530600946A86 /* AppDelegate.swift in Sources */ = {isa = PBXBuildFile; fileRef = 8E59AA012C3D530600946A86 /* AppDelegate.swift */; };
		8E8540D02C5E62FA00C4F4CF /* TabBarVIewController.swift in Sources */ = {isa = PBXBuildFile; fileRef = 8E8540CF2C5E62FA00C4F4CF /* TabBarVIewController.swift */; };
		8E8540D22C5E648600C4F4CF /* StatisticViewController.swift in Sources */ = {isa = PBXBuildFile; fileRef = 8E8540D12C5E648600C4F4CF /* StatisticViewController.swift */; };
		8E8540D52C5E691B00C4F4CF /* UIColor+Extensions.swift in Sources */ = {isa = PBXBuildFile; fileRef = 8E8540D42C5E691B00C4F4CF /* UIColor+Extensions.swift */; };
		8E8540DE2C5E7B7C00C4F4CF /* Date+Extensions.swift in Sources */ = {isa = PBXBuildFile; fileRef = 8E8540DD2C5E7B7C00C4F4CF /* Date+Extensions.swift */; };
		8E8540E32C5EB2B200C4F4CF /* Tracker.swift in Sources */ = {isa = PBXBuildFile; fileRef = 8E8540E22C5EB2B200C4F4CF /* Tracker.swift */; };
		8E8540E52C5EB2C300C4F4CF /* TrackerCategory.swift in Sources */ = {isa = PBXBuildFile; fileRef = 8E8540E42C5EB2C300C4F4CF /* TrackerCategory.swift */; };
		8E8540E72C5EB2CE00C4F4CF /* TrackerRecord .swift in Sources */ = {isa = PBXBuildFile; fileRef = 8E8540E62C5EB2CE00C4F4CF /* TrackerRecord .swift */; };
		8E8540EA2C5EB83500C4F4CF /* TrackerCollectionViewCell.swift in Sources */ = {isa = PBXBuildFile; fileRef = 8E8540E92C5EB83500C4F4CF /* TrackerCollectionViewCell.swift */; };
		8E8540EE2C5EC66500C4F4CF /* TrackerSupplementaryView.swift in Sources */ = {isa = PBXBuildFile; fileRef = 8E8540ED2C5EC66500C4F4CF /* TrackerSupplementaryView.swift */; };
		8E8540F02C5EC83100C4F4CF /* Int+Extension.swift in Sources */ = {isa = PBXBuildFile; fileRef = 8E8540EF2C5EC83100C4F4CF /* Int+Extension.swift */; };
		8E8540F32C5ECA6700C4F4CF /* TrackerTypeViewController.swift in Sources */ = {isa = PBXBuildFile; fileRef = 8E8540F22C5ECA6700C4F4CF /* TrackerTypeViewController.swift */; };
		8E8540FC2C5ED9AA00C4F4CF /* DateFormatter+Extension.swift in Sources */ = {isa = PBXBuildFile; fileRef = 8E8540FB2C5ED9AA00C4F4CF /* DateFormatter+Extension.swift */; };
		8E8540FE2C5ED9CF00C4F4CF /* Constants.swift in Sources */ = {isa = PBXBuildFile; fileRef = 8E8540FD2C5ED9CF00C4F4CF /* Constants.swift */; };
		8E8541002C5FB35600C4F4CF /* TrackerCreateViewController.swift in Sources */ = {isa = PBXBuildFile; fileRef = 8E8540FF2C5FB35600C4F4CF /* TrackerCreateViewController.swift */; };
		8E8541032C5FBD3700C4F4CF /* EmojiAndColorCollectionViewCell.swift in Sources */ = {isa = PBXBuildFile; fileRef = 8E8541022C5FBD3700C4F4CF /* EmojiAndColorCollectionViewCell.swift */; };
		8E8541062C5FBF1A00C4F4CF /* EmojiAndColorsSupplementaryViewCell.swift in Sources */ = {isa = PBXBuildFile; fileRef = 8E8541052C5FBF1A00C4F4CF /* EmojiAndColorsSupplementaryViewCell.swift */; };
		8E8541082C5FBF8500C4F4CF /* TrackerCreateViewCell.swift in Sources */ = {isa = PBXBuildFile; fileRef = 8E8541072C5FBF8500C4F4CF /* TrackerCreateViewCell.swift */; };
		8E85410A2C5FC39100C4F4CF /* ScheduleViewController.swift in Sources */ = {isa = PBXBuildFile; fileRef = 8E8541092C5FC39100C4F4CF /* ScheduleViewController.swift */; };
		8E85410D2C601AE300C4F4CF /* CategoryViewController.swift in Sources */ = {isa = PBXBuildFile; fileRef = 8E85410C2C601AE300C4F4CF /* CategoryViewController.swift */; };
		8E8B3A5C2C62BECA00BB716D /* LibraryCoreData.xcdatamodel in Sources */ = {isa = PBXBuildFile; fileRef = 8E8B3A5B2C62BECA00BB716D /* LibraryCoreData.xcdatamodel */; };
		8EAAAC312C641A2200B18D85 /* UIColorMarshalling.swift in Sources */ = {isa = PBXBuildFile; fileRef = 8EAAAC302C641A2200B18D85 /* UIColorMarshalling.swift */; };
		8EAAAC332C641A5400B18D85 /* TrackerStore.swift in Sources */ = {isa = PBXBuildFile; fileRef = 8EAAAC322C641A5400B18D85 /* TrackerStore.swift */; };
		8EAAAC352C641A5D00B18D85 /* TrackerCategoryStore.swift in Sources */ = {isa = PBXBuildFile; fileRef = 8EAAAC342C641A5D00B18D85 /* TrackerCategoryStore.swift */; };
		8EAAAC372C641A6400B18D85 /* TrackerRecordStore.swift in Sources */ = {isa = PBXBuildFile; fileRef = 8EAAAC362C641A6400B18D85 /* TrackerRecordStore.swift */; };
		8EC6BCC32C6810B800DCD61A /* DataStore.swift in Sources */ = {isa = PBXBuildFile; fileRef = 8EC6BCC22C6810B800DCD61A /* DataStore.swift */; };
/* End PBXBuildFile section */

/* Begin PBXFileReference section */
		8E59A9EA2C3D4ED100946A86 /* Tracker.app */ = {isa = PBXFileReference; explicitFileType = wrapper.application; includeInIndex = 0; path = Tracker.app; sourceTree = BUILT_PRODUCTS_DIR; };
		8E59A9EF2C3D4ED100946A86 /* SceneDelegate.swift */ = {isa = PBXFileReference; lastKnownFileType = sourcecode.swift; path = SceneDelegate.swift; sourceTree = "<group>"; };
		8E59A9F12C3D4ED100946A86 /* TrackersViewController.swift */ = {isa = PBXFileReference; lastKnownFileType = sourcecode.swift; path = TrackersViewController.swift; sourceTree = "<group>"; };
		8E59A9F62C3D4ED200946A86 /* Assets.xcassets */ = {isa = PBXFileReference; lastKnownFileType = folder.assetcatalog; path = Assets.xcassets; sourceTree = "<group>"; };
		8E59A9F92C3D4ED200946A86 /* Base */ = {isa = PBXFileReference; lastKnownFileType = file.storyboard; name = Base; path = Base.lproj/LaunchScreen.storyboard; sourceTree = "<group>"; };
		8E59A9FB2C3D4ED200946A86 /* Info.plist */ = {isa = PBXFileReference; lastKnownFileType = text.plist.xml; path = Info.plist; sourceTree = "<group>"; };
		8E59AA012C3D530600946A86 /* AppDelegate.swift */ = {isa = PBXFileReference; fileEncoding = 4; lastKnownFileType = sourcecode.swift; path = AppDelegate.swift; sourceTree = "<group>"; };
		8E8540CF2C5E62FA00C4F4CF /* TabBarVIewController.swift */ = {isa = PBXFileReference; lastKnownFileType = sourcecode.swift; path = TabBarVIewController.swift; sourceTree = "<group>"; };
		8E8540D12C5E648600C4F4CF /* StatisticViewController.swift */ = {isa = PBXFileReference; lastKnownFileType = sourcecode.swift; path = StatisticViewController.swift; sourceTree = "<group>"; };
		8E8540D42C5E691B00C4F4CF /* UIColor+Extensions.swift */ = {isa = PBXFileReference; lastKnownFileType = sourcecode.swift; path = "UIColor+Extensions.swift"; sourceTree = "<group>"; };
		8E8540DD2C5E7B7C00C4F4CF /* Date+Extensions.swift */ = {isa = PBXFileReference; lastKnownFileType = sourcecode.swift; path = "Date+Extensions.swift"; sourceTree = "<group>"; };
		8E8540E22C5EB2B200C4F4CF /* Tracker.swift */ = {isa = PBXFileReference; lastKnownFileType = sourcecode.swift; path = Tracker.swift; sourceTree = "<group>"; };
		8E8540E42C5EB2C300C4F4CF /* TrackerCategory.swift */ = {isa = PBXFileReference; lastKnownFileType = sourcecode.swift; path = TrackerCategory.swift; sourceTree = "<group>"; };
		8E8540E62C5EB2CE00C4F4CF /* TrackerRecord .swift */ = {isa = PBXFileReference; lastKnownFileType = sourcecode.swift; path = "TrackerRecord .swift"; sourceTree = "<group>"; };
		8E8540E92C5EB83500C4F4CF /* TrackerCollectionViewCell.swift */ = {isa = PBXFileReference; lastKnownFileType = sourcecode.swift; path = TrackerCollectionViewCell.swift; sourceTree = "<group>"; };
		8E8540ED2C5EC66500C4F4CF /* TrackerSupplementaryView.swift */ = {isa = PBXFileReference; lastKnownFileType = sourcecode.swift; path = TrackerSupplementaryView.swift; sourceTree = "<group>"; };
		8E8540EF2C5EC83100C4F4CF /* Int+Extension.swift */ = {isa = PBXFileReference; lastKnownFileType = sourcecode.swift; path = "Int+Extension.swift"; sourceTree = "<group>"; };
		8E8540F22C5ECA6700C4F4CF /* TrackerTypeViewController.swift */ = {isa = PBXFileReference; lastKnownFileType = sourcecode.swift; path = TrackerTypeViewController.swift; sourceTree = "<group>"; };
		8E8540FB2C5ED9AA00C4F4CF /* DateFormatter+Extension.swift */ = {isa = PBXFileReference; lastKnownFileType = sourcecode.swift; path = "DateFormatter+Extension.swift"; sourceTree = "<group>"; };
		8E8540FD2C5ED9CF00C4F4CF /* Constants.swift */ = {isa = PBXFileReference; lastKnownFileType = sourcecode.swift; path = Constants.swift; sourceTree = "<group>"; };
		8E8540FF2C5FB35600C4F4CF /* TrackerCreateViewController.swift */ = {isa = PBXFileReference; lastKnownFileType = sourcecode.swift; path = TrackerCreateViewController.swift; sourceTree = "<group>"; };
		8E8541022C5FBD3700C4F4CF /* EmojiAndColorCollectionViewCell.swift */ = {isa = PBXFileReference; lastKnownFileType = sourcecode.swift; path = EmojiAndColorCollectionViewCell.swift; sourceTree = "<group>"; };
		8E8541052C5FBF1A00C4F4CF /* EmojiAndColorsSupplementaryViewCell.swift */ = {isa = PBXFileReference; lastKnownFileType = sourcecode.swift; path = EmojiAndColorsSupplementaryViewCell.swift; sourceTree = "<group>"; };
		8E8541072C5FBF8500C4F4CF /* TrackerCreateViewCell.swift */ = {isa = PBXFileReference; lastKnownFileType = sourcecode.swift; path = TrackerCreateViewCell.swift; sourceTree = "<group>"; };
		8E8541092C5FC39100C4F4CF /* ScheduleViewController.swift */ = {isa = PBXFileReference; lastKnownFileType = sourcecode.swift; path = ScheduleViewController.swift; sourceTree = "<group>"; };
		8E85410C2C601AE300C4F4CF /* CategoryViewController.swift */ = {isa = PBXFileReference; lastKnownFileType = sourcecode.swift; path = CategoryViewController.swift; sourceTree = "<group>"; };
		8E8B3A5B2C62BECA00BB716D /* LibraryCoreData.xcdatamodel */ = {isa = PBXFileReference; lastKnownFileType = wrapper.xcdatamodel; path = LibraryCoreData.xcdatamodel; sourceTree = "<group>"; };
		8EAAAC302C641A2200B18D85 /* UIColorMarshalling.swift */ = {isa = PBXFileReference; lastKnownFileType = sourcecode.swift; path = UIColorMarshalling.swift; sourceTree = "<group>"; };
		8EAAAC322C641A5400B18D85 /* TrackerStore.swift */ = {isa = PBXFileReference; lastKnownFileType = sourcecode.swift; path = TrackerStore.swift; sourceTree = "<group>"; };
		8EAAAC342C641A5D00B18D85 /* TrackerCategoryStore.swift */ = {isa = PBXFileReference; lastKnownFileType = sourcecode.swift; path = TrackerCategoryStore.swift; sourceTree = "<group>"; };
		8EAAAC362C641A6400B18D85 /* TrackerRecordStore.swift */ = {isa = PBXFileReference; lastKnownFileType = sourcecode.swift; path = TrackerRecordStore.swift; sourceTree = "<group>"; };
		8EC6BCC22C6810B800DCD61A /* DataStore.swift */ = {isa = PBXFileReference; lastKnownFileType = sourcecode.swift; path = DataStore.swift; sourceTree = "<group>"; };
/* End PBXFileReference section */

/* Begin PBXFrameworksBuildPhase section */
		8E59A9E72C3D4ED100946A86 /* Frameworks */ = {
			isa = PBXFrameworksBuildPhase;
			buildActionMask = 2147483647;
			files = (
			);
			runOnlyForDeploymentPostprocessing = 0;
		};
/* End PBXFrameworksBuildPhase section */

/* Begin PBXGroup section */
		8E59A9E12C3D4ED100946A86 = {
			isa = PBXGroup;
			children = (
				8E59A9EC2C3D4ED100946A86 /* Tracker */,
				8E59A9EB2C3D4ED100946A86 /* Products */,
			);
			sourceTree = "<group>";
		};
		8E59A9EB2C3D4ED100946A86 /* Products */ = {
			isa = PBXGroup;
			children = (
				8E59A9EA2C3D4ED100946A86 /* Tracker.app */,
			);
			name = Products;
			sourceTree = "<group>";
		};
		8E59A9EC2C3D4ED100946A86 /* Tracker */ = {
			isa = PBXGroup;
			children = (
				8EAAAC2F2C641A1000B18D85 /* Services */,
				8E8B3A5D2C62C32E00BB716D /* CoreData */,
				8E8541012C5FB36400C4F4CF /* TrackerCreateViewController */,
				8E8541042C5FBD6F00C4F4CF /* EmojiAndColorViewSetUp */,
				8E8540F12C5ECA4400C4F4CF /* TrackerTypeViewController */,
				8E8540E82C5EB81C00C4F4CF /* TrackerViewController */,
				8E8540CF2C5E62FA00C4F4CF /* TabBarVIewController.swift */,
				8E8540E12C5EB2A200C4F4CF /* Models */,
				8E8540D12C5E648600C4F4CF /* StatisticViewController.swift */,
				8E59AA012C3D530600946A86 /* AppDelegate.swift */,
				8E59A9EF2C3D4ED100946A86 /* SceneDelegate.swift */,
				8E8540D62C5E6A6700C4F4CF /* Resources */,
				8E8540D32C5E690C00C4F4CF /* Helpers */,
				8E85410B2C5FC39B00C4F4CF /* ScheduleVIewController */,
				8E85410E2C601AE800C4F4CF /* CategoryViewController */,
			);
			path = Tracker;
			sourceTree = "<group>";
		};
		8E8540D32C5E690C00C4F4CF /* Helpers */ = {
			isa = PBXGroup;
			children = (
				8E8540D42C5E691B00C4F4CF /* UIColor+Extensions.swift */,
				8E8540DD2C5E7B7C00C4F4CF /* Date+Extensions.swift */,
				8E8540EF2C5EC83100C4F4CF /* Int+Extension.swift */,
				8E8540FB2C5ED9AA00C4F4CF /* DateFormatter+Extension.swift */,
			);
			path = Helpers;
			sourceTree = "<group>";
		};
		8E8540D62C5E6A6700C4F4CF /* Resources */ = {
			isa = PBXGroup;
			children = (
				8E59A9F82C3D4ED200946A86 /* LaunchScreen.storyboard */,
				8E59A9F62C3D4ED200946A86 /* Assets.xcassets */,
				8E59A9FB2C3D4ED200946A86 /* Info.plist */,
				8E8540FD2C5ED9CF00C4F4CF /* Constants.swift */,
			);
			path = Resources;
			sourceTree = "<group>";
		};
		8E8540E12C5EB2A200C4F4CF /* Models */ = {
			isa = PBXGroup;
			children = (
				8E8540E22C5EB2B200C4F4CF /* Tracker.swift */,
				8E8540E42C5EB2C300C4F4CF /* TrackerCategory.swift */,
				8E8540E62C5EB2CE00C4F4CF /* TrackerRecord .swift */,
			);
			path = Models;
			sourceTree = "<group>";
		};
		8E8540E82C5EB81C00C4F4CF /* TrackerViewController */ = {
			isa = PBXGroup;
			children = (
				8E59A9F12C3D4ED100946A86 /* TrackersViewController.swift */,
				8E8540E92C5EB83500C4F4CF /* TrackerCollectionViewCell.swift */,
				8E8540ED2C5EC66500C4F4CF /* TrackerSupplementaryView.swift */,
			);
			path = TrackerViewController;
			sourceTree = "<group>";
		};
		8E8540F12C5ECA4400C4F4CF /* TrackerTypeViewController */ = {
			isa = PBXGroup;
			children = (
				8E8540F22C5ECA6700C4F4CF /* TrackerTypeViewController.swift */,
			);
			path = TrackerTypeViewController;
			sourceTree = "<group>";
		};
		8E8541012C5FB36400C4F4CF /* TrackerCreateViewController */ = {
			isa = PBXGroup;
			children = (
				8E8540FF2C5FB35600C4F4CF /* TrackerCreateViewController.swift */,
				8E8541072C5FBF8500C4F4CF /* TrackerCreateViewCell.swift */,
			);
			path = TrackerCreateViewController;
			sourceTree = "<group>";
		};
		8E8541042C5FBD6F00C4F4CF /* EmojiAndColorViewSetUp */ = {
			isa = PBXGroup;
			children = (
				8E8541022C5FBD3700C4F4CF /* EmojiAndColorCollectionViewCell.swift */,
				8E8541052C5FBF1A00C4F4CF /* EmojiAndColorsSupplementaryViewCell.swift */,
			);
			path = EmojiAndColorViewSetUp;
			sourceTree = "<group>";
		};
		8E85410B2C5FC39B00C4F4CF /* ScheduleVIewController */ = {
			isa = PBXGroup;
			children = (
				8E8541092C5FC39100C4F4CF /* ScheduleViewController.swift */,
			);
			path = ScheduleVIewController;
			sourceTree = "<group>";
		};
		8E85410E2C601AE800C4F4CF /* CategoryViewController */ = {
			isa = PBXGroup;
			children = (
				8E85410C2C601AE300C4F4CF /* CategoryViewController.swift */,
			);
			path = CategoryViewController;
			sourceTree = "<group>";
		};
		8E8B3A5D2C62C32E00BB716D /* CoreData */ = {
			isa = PBXGroup;
			children = (
				8EAAAC392C6426D300B18D85 /* DataStore */,
				8EAAAC382C6426C900B18D85 /* Model */,
			);
			path = CoreData;
			sourceTree = "<group>";
		};
		8EAAAC2F2C641A1000B18D85 /* Services */ = {
			isa = PBXGroup;
			children = (
				8EAAAC302C641A2200B18D85 /* UIColorMarshalling.swift */,
			);
			path = Services;
			sourceTree = "<group>";
		};
		8EAAAC382C6426C900B18D85 /* Model */ = {
			isa = PBXGroup;
			children = (
				8E8B3A5B2C62BECA00BB716D /* LibraryCoreData.xcdatamodel */,
			);
			path = Model;
			sourceTree = "<group>";
		};
		8EAAAC392C6426D300B18D85 /* DataStore */ = {
			isa = PBXGroup;
			children = (
				8EAAAC322C641A5400B18D85 /* TrackerStore.swift */,
				8EAAAC342C641A5D00B18D85 /* TrackerCategoryStore.swift */,
				8EAAAC362C641A6400B18D85 /* TrackerRecordStore.swift */,
				8EC6BCC22C6810B800DCD61A /* DataStore.swift */,
			);
			path = DataStore;
			sourceTree = "<group>";
		};
/* End PBXGroup section */

/* Begin PBXNativeTarget section */
		8E59A9E92C3D4ED100946A86 /* Tracker */ = {
			isa = PBXNativeTarget;
			buildConfigurationList = 8E59A9FE2C3D4ED200946A86 /* Build configuration list for PBXNativeTarget "Tracker" */;
			buildPhases = (
				8E59A9E62C3D4ED100946A86 /* Sources */,
				8E59A9E72C3D4ED100946A86 /* Frameworks */,
				8E59A9E82C3D4ED100946A86 /* Resources */,
			);
			buildRules = (
			);
			dependencies = (
			);
			name = Tracker;
			productName = Tracker;
			productReference = 8E59A9EA2C3D4ED100946A86 /* Tracker.app */;
			productType = "com.apple.product-type.application";
		};
/* End PBXNativeTarget section */

/* Begin PBXProject section */
		8E59A9E22C3D4ED100946A86 /* Project object */ = {
			isa = PBXProject;
			attributes = {
				BuildIndependentTargetsInParallel = 1;
				LastSwiftUpdateCheck = 1430;
				LastUpgradeCheck = 1430;
				TargetAttributes = {
					8E59A9E92C3D4ED100946A86 = {
						CreatedOnToolsVersion = 14.3.1;
					};
				};
			};
			buildConfigurationList = 8E59A9E52C3D4ED100946A86 /* Build configuration list for PBXProject "Tracker" */;
			compatibilityVersion = "Xcode 14.0";
			developmentRegion = en;
			hasScannedForEncodings = 0;
			knownRegions = (
				en,
				Base,
			);
			mainGroup = 8E59A9E12C3D4ED100946A86;
			productRefGroup = 8E59A9EB2C3D4ED100946A86 /* Products */;
			projectDirPath = "";
			projectRoot = "";
			targets = (
				8E59A9E92C3D4ED100946A86 /* Tracker */,
			);
		};
/* End PBXProject section */

/* Begin PBXResourcesBuildPhase section */
		8E59A9E82C3D4ED100946A86 /* Resources */ = {
			isa = PBXResourcesBuildPhase;
			buildActionMask = 2147483647;
			files = (
				8E59A9FA2C3D4ED200946A86 /* LaunchScreen.storyboard in Resources */,
				8E59A9F72C3D4ED200946A86 /* Assets.xcassets in Resources */,
			);
			runOnlyForDeploymentPostprocessing = 0;
		};
/* End PBXResourcesBuildPhase section */

/* Begin PBXSourcesBuildPhase section */
		8E59A9E62C3D4ED100946A86 /* Sources */ = {
			isa = PBXSourcesBuildPhase;
			buildActionMask = 2147483647;
			files = (
				8E8540E52C5EB2C300C4F4CF /* TrackerCategory.swift in Sources */,
				8E8540D02C5E62FA00C4F4CF /* TabBarVIewController.swift in Sources */,
				8E8541082C5FBF8500C4F4CF /* TrackerCreateViewCell.swift in Sources */,
				8E8540D52C5E691B00C4F4CF /* UIColor+Extensions.swift in Sources */,
				8E8540DE2C5E7B7C00C4F4CF /* Date+Extensions.swift in Sources */,
				8E8540EE2C5EC66500C4F4CF /* TrackerSupplementaryView.swift in Sources */,
				8E59AA022C3D530600946A86 /* AppDelegate.swift in Sources */,
				8E8B3A5C2C62BECA00BB716D /* LibraryCoreData.xcdatamodel in Sources */,
				8EAAAC352C641A5D00B18D85 /* TrackerCategoryStore.swift in Sources */,
				8E8540EA2C5EB83500C4F4CF /* TrackerCollectionViewCell.swift in Sources */,
				8E85410A2C5FC39100C4F4CF /* ScheduleViewController.swift in Sources */,
				8EAAAC312C641A2200B18D85 /* UIColorMarshalling.swift in Sources */,
				8E8540E32C5EB2B200C4F4CF /* Tracker.swift in Sources */,
				8E59A9F22C3D4ED100946A86 /* TrackersViewController.swift in Sources */,
				8E8540F32C5ECA6700C4F4CF /* TrackerTypeViewController.swift in Sources */,
				8EAAAC332C641A5400B18D85 /* TrackerStore.swift in Sources */,
				8E8540FC2C5ED9AA00C4F4CF /* DateFormatter+Extension.swift in Sources */,
				8E8540FE2C5ED9CF00C4F4CF /* Constants.swift in Sources */,
				8E8540D22C5E648600C4F4CF /* StatisticViewController.swift in Sources */,
				8E8541002C5FB35600C4F4CF /* TrackerCreateViewController.swift in Sources */,
				8E8540E72C5EB2CE00C4F4CF /* TrackerRecord .swift in Sources */,
				8EC6BCC32C6810B800DCD61A /* DataStore.swift in Sources */,
				8E8540F02C5EC83100C4F4CF /* Int+Extension.swift in Sources */,
				8EAAAC372C641A6400B18D85 /* TrackerRecordStore.swift in Sources */,
				8E8541062C5FBF1A00C4F4CF /* EmojiAndColorsSupplementaryViewCell.swift in Sources */,
				8E59A9F02C3D4ED100946A86 /* SceneDelegate.swift in Sources */,
				8E85410D2C601AE300C4F4CF /* CategoryViewController.swift in Sources */,
				8E8541032C5FBD3700C4F4CF /* EmojiAndColorCollectionViewCell.swift in Sources */,
			);
			runOnlyForDeploymentPostprocessing = 0;
		};
/* End PBXSourcesBuildPhase section */

/* Begin PBXVariantGroup section */
		8E59A9F82C3D4ED200946A86 /* LaunchScreen.storyboard */ = {
			isa = PBXVariantGroup;
			children = (
				8E59A9F92C3D4ED200946A86 /* Base */,
			);
			name = LaunchScreen.storyboard;
			sourceTree = "<group>";
		};
/* End PBXVariantGroup section */

/* Begin XCBuildConfiguration section */
		8E59A9FC2C3D4ED200946A86 /* Debug */ = {
			isa = XCBuildConfiguration;
			buildSettings = {
				ALWAYS_SEARCH_USER_PATHS = NO;
				CLANG_ANALYZER_NONNULL = YES;
				CLANG_ANALYZER_NUMBER_OBJECT_CONVERSION = YES_AGGRESSIVE;
				CLANG_CXX_LANGUAGE_STANDARD = "gnu++20";
				CLANG_ENABLE_MODULES = YES;
				CLANG_ENABLE_OBJC_ARC = YES;
				CLANG_ENABLE_OBJC_WEAK = YES;
				CLANG_WARN_BLOCK_CAPTURE_AUTORELEASING = YES;
				CLANG_WARN_BOOL_CONVERSION = YES;
				CLANG_WARN_COMMA = YES;
				CLANG_WARN_CONSTANT_CONVERSION = YES;
				CLANG_WARN_DEPRECATED_OBJC_IMPLEMENTATIONS = YES;
				CLANG_WARN_DIRECT_OBJC_ISA_USAGE = YES_ERROR;
				CLANG_WARN_DOCUMENTATION_COMMENTS = YES;
				CLANG_WARN_EMPTY_BODY = YES;
				CLANG_WARN_ENUM_CONVERSION = YES;
				CLANG_WARN_INFINITE_RECURSION = YES;
				CLANG_WARN_INT_CONVERSION = YES;
				CLANG_WARN_NON_LITERAL_NULL_CONVERSION = YES;
				CLANG_WARN_OBJC_IMPLICIT_RETAIN_SELF = YES;
				CLANG_WARN_OBJC_LITERAL_CONVERSION = YES;
				CLANG_WARN_OBJC_ROOT_CLASS = YES_ERROR;
				CLANG_WARN_QUOTED_INCLUDE_IN_FRAMEWORK_HEADER = YES;
				CLANG_WARN_RANGE_LOOP_ANALYSIS = YES;
				CLANG_WARN_STRICT_PROTOTYPES = YES;
				CLANG_WARN_SUSPICIOUS_MOVE = YES;
				CLANG_WARN_UNGUARDED_AVAILABILITY = YES_AGGRESSIVE;
				CLANG_WARN_UNREACHABLE_CODE = YES;
				CLANG_WARN__DUPLICATE_METHOD_MATCH = YES;
				COPY_PHASE_STRIP = NO;
				DEBUG_INFORMATION_FORMAT = dwarf;
				ENABLE_STRICT_OBJC_MSGSEND = YES;
				ENABLE_TESTABILITY = YES;
				GCC_C_LANGUAGE_STANDARD = gnu11;
				GCC_DYNAMIC_NO_PIC = NO;
				GCC_NO_COMMON_BLOCKS = YES;
				GCC_OPTIMIZATION_LEVEL = 0;
				GCC_PREPROCESSOR_DEFINITIONS = (
					"DEBUG=1",
					"$(inherited)",
				);
				GCC_WARN_64_TO_32_BIT_CONVERSION = YES;
				GCC_WARN_ABOUT_RETURN_TYPE = YES_ERROR;
				GCC_WARN_UNDECLARED_SELECTOR = YES;
				GCC_WARN_UNINITIALIZED_AUTOS = YES_AGGRESSIVE;
				GCC_WARN_UNUSED_FUNCTION = YES;
				GCC_WARN_UNUSED_VARIABLE = YES;
				IPHONEOS_DEPLOYMENT_TARGET = 13.4;
				MTL_ENABLE_DEBUG_INFO = INCLUDE_SOURCE;
				MTL_FAST_MATH = YES;
				ONLY_ACTIVE_ARCH = YES;
				SDKROOT = iphoneos;
				SWIFT_ACTIVE_COMPILATION_CONDITIONS = DEBUG;
				SWIFT_OPTIMIZATION_LEVEL = "-Onone";
			};
			name = Debug;
		};
		8E59A9FD2C3D4ED200946A86 /* Release */ = {
			isa = XCBuildConfiguration;
			buildSettings = {
				ALWAYS_SEARCH_USER_PATHS = NO;
				CLANG_ANALYZER_NONNULL = YES;
				CLANG_ANALYZER_NUMBER_OBJECT_CONVERSION = YES_AGGRESSIVE;
				CLANG_CXX_LANGUAGE_STANDARD = "gnu++20";
				CLANG_ENABLE_MODULES = YES;
				CLANG_ENABLE_OBJC_ARC = YES;
				CLANG_ENABLE_OBJC_WEAK = YES;
				CLANG_WARN_BLOCK_CAPTURE_AUTORELEASING = YES;
				CLANG_WARN_BOOL_CONVERSION = YES;
				CLANG_WARN_COMMA = YES;
				CLANG_WARN_CONSTANT_CONVERSION = YES;
				CLANG_WARN_DEPRECATED_OBJC_IMPLEMENTATIONS = YES;
				CLANG_WARN_DIRECT_OBJC_ISA_USAGE = YES_ERROR;
				CLANG_WARN_DOCUMENTATION_COMMENTS = YES;
				CLANG_WARN_EMPTY_BODY = YES;
				CLANG_WARN_ENUM_CONVERSION = YES;
				CLANG_WARN_INFINITE_RECURSION = YES;
				CLANG_WARN_INT_CONVERSION = YES;
				CLANG_WARN_NON_LITERAL_NULL_CONVERSION = YES;
				CLANG_WARN_OBJC_IMPLICIT_RETAIN_SELF = YES;
				CLANG_WARN_OBJC_LITERAL_CONVERSION = YES;
				CLANG_WARN_OBJC_ROOT_CLASS = YES_ERROR;
				CLANG_WARN_QUOTED_INCLUDE_IN_FRAMEWORK_HEADER = YES;
				CLANG_WARN_RANGE_LOOP_ANALYSIS = YES;
				CLANG_WARN_STRICT_PROTOTYPES = YES;
				CLANG_WARN_SUSPICIOUS_MOVE = YES;
				CLANG_WARN_UNGUARDED_AVAILABILITY = YES_AGGRESSIVE;
				CLANG_WARN_UNREACHABLE_CODE = YES;
				CLANG_WARN__DUPLICATE_METHOD_MATCH = YES;
				COPY_PHASE_STRIP = NO;
				DEBUG_INFORMATION_FORMAT = "dwarf-with-dsym";
				ENABLE_NS_ASSERTIONS = NO;
				ENABLE_STRICT_OBJC_MSGSEND = YES;
				GCC_C_LANGUAGE_STANDARD = gnu11;
				GCC_NO_COMMON_BLOCKS = YES;
				GCC_WARN_64_TO_32_BIT_CONVERSION = YES;
				GCC_WARN_ABOUT_RETURN_TYPE = YES_ERROR;
				GCC_WARN_UNDECLARED_SELECTOR = YES;
				GCC_WARN_UNINITIALIZED_AUTOS = YES_AGGRESSIVE;
				GCC_WARN_UNUSED_FUNCTION = YES;
				GCC_WARN_UNUSED_VARIABLE = YES;
				IPHONEOS_DEPLOYMENT_TARGET = 13.4;
				MTL_ENABLE_DEBUG_INFO = NO;
				MTL_FAST_MATH = YES;
				SDKROOT = iphoneos;
				SWIFT_COMPILATION_MODE = wholemodule;
				SWIFT_OPTIMIZATION_LEVEL = "-O";
				VALIDATE_PRODUCT = YES;
			};
			name = Release;
		};
		8E59A9FF2C3D4ED200946A86 /* Debug */ = {
			isa = XCBuildConfiguration;
			buildSettings = {
				ASSETCATALOG_COMPILER_APPICON_NAME = AppIcon;
				ASSETCATALOG_COMPILER_GLOBAL_ACCENT_COLOR_NAME = AccentColor;
				CODE_SIGN_STYLE = Automatic;
				CURRENT_PROJECT_VERSION = 1;
				DEVELOPMENT_TEAM = 5AZ59LLP74;
				GENERATE_INFOPLIST_FILE = YES;
				INFOPLIST_FILE = Tracker/Resources/Info.plist;
				INFOPLIST_KEY_UIApplicationSupportsIndirectInputEvents = YES;
				INFOPLIST_KEY_UILaunchStoryboardName = LaunchScreen;
				INFOPLIST_KEY_UISupportedInterfaceOrientations = UIInterfaceOrientationPortrait;
				INFOPLIST_KEY_UISupportedInterfaceOrientations_iPad = "UIInterfaceOrientationLandscapeLeft UIInterfaceOrientationLandscapeRight UIInterfaceOrientationPortrait UIInterfaceOrientationPortraitUpsideDown";
				IPHONEOS_DEPLOYMENT_TARGET = 13.4;
				LD_RUNPATH_SEARCH_PATHS = (
					"$(inherited)",
					"@executable_path/Frameworks",
				);
				MARKETING_VERSION = 1.0;
				PRODUCT_BUNDLE_IDENTIFIER = ru.yandex.practicum.tracker.Tracker;
				PRODUCT_NAME = "$(TARGET_NAME)";
				SUPPORTED_PLATFORMS = "iphoneos iphonesimulator";
				SUPPORTS_MACCATALYST = NO;
				SUPPORTS_MAC_DESIGNED_FOR_IPHONE_IPAD = NO;
				SWIFT_EMIT_LOC_STRINGS = YES;
				SWIFT_VERSION = 5.0;
				TARGETED_DEVICE_FAMILY = 1;
			};
			name = Debug;
		};
		8E59AA002C3D4ED200946A86 /* Release */ = {
			isa = XCBuildConfiguration;
			buildSettings = {
				ASSETCATALOG_COMPILER_APPICON_NAME = AppIcon;
				ASSETCATALOG_COMPILER_GLOBAL_ACCENT_COLOR_NAME = AccentColor;
				CODE_SIGN_STYLE = Automatic;
				CURRENT_PROJECT_VERSION = 1;
				DEVELOPMENT_TEAM = 5AZ59LLP74;
				GENERATE_INFOPLIST_FILE = YES;
				INFOPLIST_FILE = Tracker/Resources/Info.plist;
				INFOPLIST_KEY_UIApplicationSupportsIndirectInputEvents = YES;
				INFOPLIST_KEY_UILaunchStoryboardName = LaunchScreen;
				INFOPLIST_KEY_UISupportedInterfaceOrientations = UIInterfaceOrientationPortrait;
				INFOPLIST_KEY_UISupportedInterfaceOrientations_iPad = "UIInterfaceOrientationLandscapeLeft UIInterfaceOrientationLandscapeRight UIInterfaceOrientationPortrait UIInterfaceOrientationPortraitUpsideDown";
				IPHONEOS_DEPLOYMENT_TARGET = 13.4;
				LD_RUNPATH_SEARCH_PATHS = (
					"$(inherited)",
					"@executable_path/Frameworks",
				);
				MARKETING_VERSION = 1.0;
				PRODUCT_BUNDLE_IDENTIFIER = ru.yandex.practicum.tracker.Tracker;
				PRODUCT_NAME = "$(TARGET_NAME)";
				SUPPORTED_PLATFORMS = "iphoneos iphonesimulator";
				SUPPORTS_MACCATALYST = NO;
				SUPPORTS_MAC_DESIGNED_FOR_IPHONE_IPAD = NO;
				SWIFT_EMIT_LOC_STRINGS = YES;
				SWIFT_VERSION = 5.0;
				TARGETED_DEVICE_FAMILY = 1;
			};
			name = Release;
		};
/* End XCBuildConfiguration section */

/* Begin XCConfigurationList section */
		8E59A9E52C3D4ED100946A86 /* Build configuration list for PBXProject "Tracker" */ = {
			isa = XCConfigurationList;
			buildConfigurations = (
				8E59A9FC2C3D4ED200946A86 /* Debug */,
				8E59A9FD2C3D4ED200946A86 /* Release */,
			);
			defaultConfigurationIsVisible = 0;
			defaultConfigurationName = Release;
		};
		8E59A9FE2C3D4ED200946A86 /* Build configuration list for PBXNativeTarget "Tracker" */ = {
			isa = XCConfigurationList;
			buildConfigurations = (
				8E59A9FF2C3D4ED200946A86 /* Debug */,
				8E59AA002C3D4ED200946A86 /* Release */,
			);
			defaultConfigurationIsVisible = 0;
			defaultConfigurationName = Release;
		};
/* End XCConfigurationList section */
	};
	rootObject = 8E59A9E22C3D4ED100946A86 /* Project object */;
}
